// !$*UTF8*$!
{
	archiveVersion = 1;
	classes = {
	};
	objectVersion = 46;
	objects = {

/* Begin PBXBuildFile section */
		B521612E14F5DB5500800839 /* InfoPlist.strings in Resources */ = {isa = PBXBuildFile; fileRef = B521612C14F5DB5500800839 /* InfoPlist.strings */; };
		B521613014F5DE6A00800839 /* libPods.a in Frameworks */ = {isa = PBXBuildFile; fileRef = B521612F14F5DE6A00800839 /* libPods.a */; };
		B5370CD814F5DA2800BC3C09 /* Customer.m in Sources */ = {isa = PBXBuildFile; fileRef = B5370CD614F5DA2800BC3C09 /* Customer.m */; };
		B5370CD914F5DA2800BC3C09 /* MFFactorySpecs.m in Sources */ = {isa = PBXBuildFile; fileRef = B5370CD714F5DA2800BC3C09 /* MFFactorySpecs.m */; };
		B572535D14F5DF970074BB28 /* MFFactory.h in Headers */ = {isa = PBXBuildFile; fileRef = B572535B14F5DF970074BB28 /* MFFactory.h */; };
		B572535E14F5DF970074BB28 /* MFFactory.m in Sources */ = {isa = PBXBuildFile; fileRef = B572535C14F5DF970074BB28 /* MFFactory.m */; };
		B572536114F5E01E0074BB28 /* UIKit.framework in Frameworks */ = {isa = PBXBuildFile; fileRef = B572536014F5E01E0074BB28 /* UIKit.framework */; };
		B5E02A0C14F3EB9100F32742 /* Foundation.framework in Frameworks */ = {isa = PBXBuildFile; fileRef = B5E02A0B14F3EB9100F32742 /* Foundation.framework */; };
		B5E02A1A14F3EB9200F32742 /* SenTestingKit.framework in Frameworks */ = {isa = PBXBuildFile; fileRef = B5E02A1914F3EB9200F32742 /* SenTestingKit.framework */; };
		B5E02A1D14F3EB9200F32742 /* Foundation.framework in Frameworks */ = {isa = PBXBuildFile; fileRef = B5E02A0B14F3EB9100F32742 /* Foundation.framework */; };
		B5E02A2014F3EB9200F32742 /* libMagicalFactory.a in Frameworks */ = {isa = PBXBuildFile; fileRef = B5E02A0814F3EB9100F32742 /* libMagicalFactory.a */; };
/* End PBXBuildFile section */

/* Begin PBXContainerItemProxy section */
		B5E02A1E14F3EB9200F32742 /* PBXContainerItemProxy */ = {
			isa = PBXContainerItemProxy;
			containerPortal = B5E029FF14F3EB9100F32742 /* Project object */;
			proxyType = 1;
			remoteGlobalIDString = B5E02A0714F3EB9100F32742;
			remoteInfo = "Magical Factory";
		};
/* End PBXContainerItemProxy section */

/* Begin PBXFileReference section */
		91DF193D4E4D472FBA7E8F3E /* Pods.xcconfig */ = {isa = PBXFileReference; lastKnownFileType = text.xcconfig; name = Pods.xcconfig; path = Pods/Pods.xcconfig; sourceTree = SOURCE_ROOT; };
		B521612D14F5DB5500800839 /* en */ = {isa = PBXFileReference; lastKnownFileType = text.plist.strings; name = en; path = MagicalFactoryTests/en.lproj/InfoPlist.strings; sourceTree = SOURCE_ROOT; };
		B521612F14F5DE6A00800839 /* libPods.a */ = {isa = PBXFileReference; lastKnownFileType = archive.ar; name = libPods.a; path = "Pods/build/Release-iphoneos/libPods.a"; sourceTree = "<group>"; };
		B5370CD514F5DA2800BC3C09 /* Customer.h */ = {isa = PBXFileReference; fileEncoding = 4; lastKnownFileType = sourcecode.c.h; name = Customer.h; path = MagicalFactoryTests/Customer.h; sourceTree = SOURCE_ROOT; };
		B5370CD614F5DA2800BC3C09 /* Customer.m */ = {isa = PBXFileReference; fileEncoding = 4; lastKnownFileType = sourcecode.c.objc; name = Customer.m; path = MagicalFactoryTests/Customer.m; sourceTree = SOURCE_ROOT; };
		B5370CD714F5DA2800BC3C09 /* MFFactorySpecs.m */ = {isa = PBXFileReference; fileEncoding = 4; lastKnownFileType = sourcecode.c.objc; name = MFFactorySpecs.m; path = MagicalFactoryTests/MFFactorySpecs.m; sourceTree = SOURCE_ROOT; };
		B572535B14F5DF970074BB28 /* MFFactory.h */ = {isa = PBXFileReference; fileEncoding = 4; lastKnownFileType = sourcecode.c.h; name = MFFactory.h; path = MagicalFactory/MFFactory.h; sourceTree = SOURCE_ROOT; };
		B572535C14F5DF970074BB28 /* MFFactory.m */ = {isa = PBXFileReference; fileEncoding = 4; lastKnownFileType = sourcecode.c.objc; name = MFFactory.m; path = MagicalFactory/MFFactory.m; sourceTree = SOURCE_ROOT; };
		B572536014F5E01E0074BB28 /* UIKit.framework */ = {isa = PBXFileReference; lastKnownFileType = wrapper.framework; name = UIKit.framework; path = System/Library/Frameworks/UIKit.framework; sourceTree = SDKROOT; };
		B5E02A0814F3EB9100F32742 /* libMagicalFactory.a */ = {isa = PBXFileReference; explicitFileType = archive.ar; includeInIndex = 0; path = libMagicalFactory.a; sourceTree = BUILT_PRODUCTS_DIR; };
		B5E02A0B14F3EB9100F32742 /* Foundation.framework */ = {isa = PBXFileReference; lastKnownFileType = wrapper.framework; name = Foundation.framework; path = System/Library/Frameworks/Foundation.framework; sourceTree = SDKROOT; };
		B5E02A0F14F3EB9100F32742 /* MagicalFactory-Prefix.pch */ = {isa = PBXFileReference; lastKnownFileType = sourcecode.c.h; name = "MagicalFactory-Prefix.pch"; path = "MagicalFactory/MagicalFactory-Prefix.pch"; sourceTree = "<group>"; };
		B5E02A1814F3EB9200F32742 /* MagicalFactoryTests.octest */ = {isa = PBXFileReference; explicitFileType = wrapper.cfbundle; includeInIndex = 0; path = MagicalFactoryTests.octest; sourceTree = BUILT_PRODUCTS_DIR; };
		B5E02A1914F3EB9200F32742 /* SenTestingKit.framework */ = {isa = PBXFileReference; lastKnownFileType = wrapper.framework; name = SenTestingKit.framework; path = Library/Frameworks/SenTestingKit.framework; sourceTree = DEVELOPER_DIR; };
		B5E02A2314F3EB9200F32742 /* MagicalFactoryTests-Info.plist */ = {isa = PBXFileReference; lastKnownFileType = text.plist; name = "MagicalFactoryTests-Info.plist"; path = "MagicalFactoryTests/MagicalFactoryTests-Info.plist"; sourceTree = "<group>"; };
/* End PBXFileReference section */

/* Begin PBXFrameworksBuildPhase section */
		B5E02A0514F3EB9100F32742 /* Frameworks */ = {
			isa = PBXFrameworksBuildPhase;
			buildActionMask = 2147483647;
			files = (
				B5E02A0C14F3EB9100F32742 /* Foundation.framework in Frameworks */,
			);
			runOnlyForDeploymentPostprocessing = 0;
		};
		B5E02A1414F3EB9200F32742 /* Frameworks */ = {
			isa = PBXFrameworksBuildPhase;
			buildActionMask = 2147483647;
			files = (
				B572536114F5E01E0074BB28 /* UIKit.framework in Frameworks */,
				B521613014F5DE6A00800839 /* libPods.a in Frameworks */,
				B5E02A1A14F3EB9200F32742 /* SenTestingKit.framework in Frameworks */,
				B5E02A1D14F3EB9200F32742 /* Foundation.framework in Frameworks */,
				B5E02A2014F3EB9200F32742 /* libMagicalFactory.a in Frameworks */,
			);
			runOnlyForDeploymentPostprocessing = 0;
		};
/* End PBXFrameworksBuildPhase section */

/* Begin PBXGroup section */
		B5E029FD14F3EB9100F32742 = {
			isa = PBXGroup;
			children = (
				B5E02A0D14F3EB9100F32742 /* MagicalFactory */,
				B5E02A2114F3EB9200F32742 /* Specs */,
				B5E02A0A14F3EB9100F32742 /* Frameworks */,
				B5E02A0914F3EB9100F32742 /* Products */,
				91DF193D4E4D472FBA7E8F3E /* Pods.xcconfig */,
			);
			sourceTree = "<group>";
		};
		B5E02A0914F3EB9100F32742 /* Products */ = {
			isa = PBXGroup;
			children = (
				B5E02A0814F3EB9100F32742 /* libMagicalFactory.a */,
				B5E02A1814F3EB9200F32742 /* MagicalFactoryTests.octest */,
			);
			name = Products;
			sourceTree = "<group>";
		};
		B5E02A0A14F3EB9100F32742 /* Frameworks */ = {
			isa = PBXGroup;
			children = (
				B572536014F5E01E0074BB28 /* UIKit.framework */,
				B521612F14F5DE6A00800839 /* libPods.a */,
				B5E02A0B14F3EB9100F32742 /* Foundation.framework */,
				B5E02A1914F3EB9200F32742 /* SenTestingKit.framework */,
			);
			name = Frameworks;
			sourceTree = "<group>";
		};
		B5E02A0D14F3EB9100F32742 /* MagicalFactory */ = {
			isa = PBXGroup;
			children = (
				B572535B14F5DF970074BB28 /* MFFactory.h */,
				B572535C14F5DF970074BB28 /* MFFactory.m */,
				B5E02A0E14F3EB9100F32742 /* Supporting Files */,
			);
			name = MagicalFactory;
			path = "Magical Factory";
			sourceTree = "<group>";
		};
		B5E02A0E14F3EB9100F32742 /* Supporting Files */ = {
			isa = PBXGroup;
			children = (
				B5E02A0F14F3EB9100F32742 /* MagicalFactory-Prefix.pch */,
			);
			name = "Supporting Files";
			sourceTree = "<group>";
		};
		B5E02A2114F3EB9200F32742 /* Specs */ = {
			isa = PBXGroup;
			children = (
				B5E02A2214F3EB9200F32742 /* Supporting Files */,
				B5370CD514F5DA2800BC3C09 /* Customer.h */,
				B5370CD614F5DA2800BC3C09 /* Customer.m */,
				B5370CD714F5DA2800BC3C09 /* MFFactorySpecs.m */,
			);
			name = Specs;
			path = "Magical FactoryTests";
			sourceTree = "<group>";
		};
		B5E02A2214F3EB9200F32742 /* Supporting Files */ = {
			isa = PBXGroup;
			children = (
				B521612C14F5DB5500800839 /* InfoPlist.strings */,
				B5E02A2314F3EB9200F32742 /* MagicalFactoryTests-Info.plist */,
			);
			name = "Supporting Files";
			sourceTree = "<group>";
		};
/* End PBXGroup section */

/* Begin PBXHeadersBuildPhase section */
		B5E02A0614F3EB9100F32742 /* Headers */ = {
			isa = PBXHeadersBuildPhase;
			buildActionMask = 2147483647;
			files = (
				B572535D14F5DF970074BB28 /* MFFactory.h in Headers */,
			);
			runOnlyForDeploymentPostprocessing = 0;
		};
/* End PBXHeadersBuildPhase section */

/* Begin PBXNativeTarget section */
		B5E02A0714F3EB9100F32742 /* MagicalFactory */ = {
			isa = PBXNativeTarget;
			buildConfigurationList = B5E02A2C14F3EB9200F32742 /* Build configuration list for PBXNativeTarget "MagicalFactory" */;
			buildPhases = (
				B5E02A0414F3EB9100F32742 /* Sources */,
				B5E02A0514F3EB9100F32742 /* Frameworks */,
				B5E02A0614F3EB9100F32742 /* Headers */,
				E886B58334A7400A9BECBC6A /* Copy Pods Resources */,
			);
			buildRules = (
			);
			dependencies = (
			);
			name = MagicalFactory;
			productName = "Magical Factory";
			productReference = B5E02A0814F3EB9100F32742 /* libMagicalFactory.a */;
			productType = "com.apple.product-type.library.static";
		};
		B5E02A1714F3EB9200F32742 /* MagicalFactoryTests */ = {
			isa = PBXNativeTarget;
			buildConfigurationList = B5E02A2F14F3EB9200F32742 /* Build configuration list for PBXNativeTarget "MagicalFactoryTests" */;
			buildPhases = (
				B5E02A1314F3EB9200F32742 /* Sources */,
				B5E02A1414F3EB9200F32742 /* Frameworks */,
				B5E02A1514F3EB9200F32742 /* Resources */,
				B5E02A1614F3EB9200F32742 /* ShellScript */,
				E886B58334A7400A9BECBC6A /* Copy Pods Resources */,
			);
			buildRules = (
			);
			dependencies = (
				B5E02A1F14F3EB9200F32742 /* PBXTargetDependency */,
			);
			name = MagicalFactoryTests;
			productName = "Magical FactoryTests";
			productReference = B5E02A1814F3EB9200F32742 /* MagicalFactoryTests.octest */;
			productType = "com.apple.product-type.bundle";
		};
/* End PBXNativeTarget section */

/* Begin PBXProject section */
		B5E029FF14F3EB9100F32742 /* Project object */ = {
			isa = PBXProject;
			attributes = {
				LastUpgradeCheck = 0420;
				ORGANIZATIONNAME = "Ben Scheirman";
			};
			buildConfigurationList = B5E02A0214F3EB9100F32742 /* Build configuration list for PBXProject "MagicalFactory" */;
			compatibilityVersion = "Xcode 3.2";
			developmentRegion = English;
			hasScannedForEncodings = 0;
			knownRegions = (
				en,
			);
			mainGroup = B5E029FD14F3EB9100F32742;
			productRefGroup = B5E02A0914F3EB9100F32742 /* Products */;
			projectDirPath = "";
			projectRoot = "";
			targets = (
				B5E02A0714F3EB9100F32742 /* MagicalFactory */,
				B5E02A1714F3EB9200F32742 /* MagicalFactoryTests */,
			);
		};
/* End PBXProject section */

/* Begin PBXResourcesBuildPhase section */
		B5E02A1514F3EB9200F32742 /* Resources */ = {
			isa = PBXResourcesBuildPhase;
			buildActionMask = 2147483647;
			files = (
				B521612E14F5DB5500800839 /* InfoPlist.strings in Resources */,
			);
			runOnlyForDeploymentPostprocessing = 0;
		};
/* End PBXResourcesBuildPhase section */

/* Begin PBXShellScriptBuildPhase section */
		B5E02A1614F3EB9200F32742 /* ShellScript */ = {
			isa = PBXShellScriptBuildPhase;
			buildActionMask = 2147483647;
			files = (
			);
			inputPaths = (
			);
			outputPaths = (
			);
			runOnlyForDeploymentPostprocessing = 0;
			shellPath = /bin/sh;
			shellScript = "# Run the unit tests in this test bundle.\n\"${SYSTEM_DEVELOPER_DIR}/Tools/RunUnitTests\"\n";
		};
		E886B58334A7400A9BECBC6A /* Copy Pods Resources */ = {
			isa = PBXShellScriptBuildPhase;
			buildActionMask = 2147483647;
			files = (
			);
			inputPaths = (
			);
			name = "Copy Pods Resources";
			outputPaths = (
			);
			runOnlyForDeploymentPostprocessing = 0;
			shellPath = /bin/sh;
			shellScript = "\"${SRCROOT}/Pods/Pods-resources.sh\"\n";
		};
/* End PBXShellScriptBuildPhase section */

/* Begin PBXSourcesBuildPhase section */
		B5E02A0414F3EB9100F32742 /* Sources */ = {
			isa = PBXSourcesBuildPhase;
			buildActionMask = 2147483647;
			files = (
				B572535E14F5DF970074BB28 /* MFFactory.m in Sources */,
			);
			runOnlyForDeploymentPostprocessing = 0;
		};
		B5E02A1314F3EB9200F32742 /* Sources */ = {
			isa = PBXSourcesBuildPhase;
			buildActionMask = 2147483647;
			files = (
				B5370CD814F5DA2800BC3C09 /* Customer.m in Sources */,
				B5370CD914F5DA2800BC3C09 /* MFFactorySpecs.m in Sources */,
			);
			runOnlyForDeploymentPostprocessing = 0;
		};
/* End PBXSourcesBuildPhase section */

/* Begin PBXTargetDependency section */
		B5E02A1F14F3EB9200F32742 /* PBXTargetDependency */ = {
			isa = PBXTargetDependency;
			target = B5E02A0714F3EB9100F32742 /* MagicalFactory */;
			targetProxy = B5E02A1E14F3EB9200F32742 /* PBXContainerItemProxy */;
		};
/* End PBXTargetDependency section */

/* Begin PBXVariantGroup section */
		B521612C14F5DB5500800839 /* InfoPlist.strings */ = {
			isa = PBXVariantGroup;
			children = (
				B521612D14F5DB5500800839 /* en */,
			);
			name = InfoPlist.strings;
			sourceTree = "<group>";
		};
/* End PBXVariantGroup section */

/* Begin XCBuildConfiguration section */
		B5E02A2A14F3EB9200F32742 /* Debug */ = {
			isa = XCBuildConfiguration;
			buildSettings = {
				ALWAYS_SEARCH_USER_PATHS = NO;
				ARCHS = "$(ARCHS_STANDARD_32_BIT)";
				COPY_PHASE_STRIP = NO;
				GCC_C_LANGUAGE_STANDARD = gnu99;
				GCC_DYNAMIC_NO_PIC = NO;
				GCC_OPTIMIZATION_LEVEL = 0;
				GCC_PREPROCESSOR_DEFINITIONS = (
					"DEBUG=1",
					"$(inherited)",
				);
				GCC_SYMBOLS_PRIVATE_EXTERN = NO;
				GCC_VERSION = com.apple.compilers.llvm.clang.1_0;
				GCC_WARN_ABOUT_MISSING_PROTOTYPES = YES;
				GCC_WARN_ABOUT_RETURN_TYPE = YES;
				GCC_WARN_UNUSED_VARIABLE = YES;
				IPHONEOS_DEPLOYMENT_TARGET = 5.0;
				SDKROOT = iphoneos;
			};
			name = Debug;
		};
		B5E02A2B14F3EB9200F32742 /* Release */ = {
			isa = XCBuildConfiguration;
			buildSettings = {
				ALWAYS_SEARCH_USER_PATHS = NO;
				ARCHS = "$(ARCHS_STANDARD_32_BIT)";
				COPY_PHASE_STRIP = YES;
				GCC_C_LANGUAGE_STANDARD = gnu99;
				GCC_VERSION = com.apple.compilers.llvm.clang.1_0;
				GCC_WARN_ABOUT_MISSING_PROTOTYPES = YES;
				GCC_WARN_ABOUT_RETURN_TYPE = YES;
				GCC_WARN_UNUSED_VARIABLE = YES;
				IPHONEOS_DEPLOYMENT_TARGET = 5.0;
				SDKROOT = iphoneos;
				VALIDATE_PRODUCT = YES;
			};
			name = Release;
		};
		B5E02A2D14F3EB9200F32742 /* Debug */ = {
			isa = XCBuildConfiguration;
			baseConfigurationReference = 91DF193D4E4D472FBA7E8F3E /* Pods.xcconfig */;
			buildSettings = {
				DSTROOT = /tmp/Magical_Factory.dst;
				GCC_PRECOMPILE_PREFIX_HEADER = YES;
				GCC_PREFIX_HEADER = "MagicalFactory/MagicalFactory-Prefix.pch";
				GCC_VERSION = com.apple.compilers.llvm.clang.1_0;
				OTHER_LDFLAGS = "-ObjC";
				PRODUCT_NAME = "$(TARGET_NAME)";
				SKIP_INSTALL = YES;
			};
			name = Debug;
		};
		B5E02A2E14F3EB9200F32742 /* Release */ = {
			isa = XCBuildConfiguration;
			baseConfigurationReference = 91DF193D4E4D472FBA7E8F3E /* Pods.xcconfig */;
			buildSettings = {
				DSTROOT = /tmp/Magical_Factory.dst;
				GCC_PRECOMPILE_PREFIX_HEADER = YES;
				GCC_PREFIX_HEADER = "MagicalFactory/MagicalFactory-Prefix.pch";
				GCC_VERSION = com.apple.compilers.llvm.clang.1_0;
				OTHER_LDFLAGS = "-ObjC";
				PRODUCT_NAME = "$(TARGET_NAME)";
				SKIP_INSTALL = YES;
			};
			name = Release;
		};
		B5E02A3014F3EB9200F32742 /* Debug */ = {
			isa = XCBuildConfiguration;
			baseConfigurationReference = 91DF193D4E4D472FBA7E8F3E /* Pods.xcconfig */;
			buildSettings = {
				DSTROOT = /tmp/xcodeproj.dst;
				FRAMEWORK_SEARCH_PATHS = (
					"$(SDKROOT)/Developer/Library/Frameworks",
					"$(DEVELOPER_LIBRARY_DIR)/Frameworks",
				);
				GCC_PRECOMPILE_PREFIX_HEADER = YES;
				GCC_PREFIX_HEADER = "MagicalFactory/MagicalFactory-Prefix.pch";
				GCC_VERSION = com.apple.compilers.llvm.clang.1_0;
				INFOPLIST_FILE = "MagicalFactoryTests/MagicalFactoryTests-Info.plist";
				PRODUCT_NAME = "$(TARGET_NAME)";
				SKIP_INSTALL = YES;
				WRAPPER_EXTENSION = octest;
			};
			name = Debug;
		};
		B5E02A3114F3EB9200F32742 /* Release */ = {
			isa = XCBuildConfiguration;
			baseConfigurationReference = 91DF193D4E4D472FBA7E8F3E /* Pods.xcconfig */;
			buildSettings = {
				DSTROOT = /tmp/xcodeproj.dst;
				FRAMEWORK_SEARCH_PATHS = (
					"$(SDKROOT)/Developer/Library/Frameworks",
					"$(DEVELOPER_LIBRARY_DIR)/Frameworks",
				);
				GCC_PRECOMPILE_PREFIX_HEADER = YES;
				GCC_PREFIX_HEADER = "MagicalFactory/MagicalFactory-Prefix.pch";
				GCC_VERSION = com.apple.compilers.llvm.clang.1_0;
				INFOPLIST_FILE = "MagicalFactoryTests/MagicalFactoryTests-Info.plist";
				PRODUCT_NAME = "$(TARGET_NAME)";
				SKIP_INSTALL = YES;
				WRAPPER_EXTENSION = octest;
			};
			name = Release;
		};
/* End XCBuildConfiguration section */

/* Begin XCConfigurationList section */
		B5E02A0214F3EB9100F32742 /* Build configuration list for PBXProject "MagicalFactory" */ = {
			isa = XCConfigurationList;
			buildConfigurations = (
				B5E02A2A14F3EB9200F32742 /* Debug */,
				B5E02A2B14F3EB9200F32742 /* Release */,
			);
			defaultConfigurationIsVisible = 0;
			defaultConfigurationName = Release;
		};
		B5E02A2C14F3EB9200F32742 /* Build configuration list for PBXNativeTarget "MagicalFactory" */ = {
			isa = XCConfigurationList;
			buildConfigurations = (
				B5E02A2D14F3EB9200F32742 /* Debug */,
				B5E02A2E14F3EB9200F32742 /* Release */,
			);
			defaultConfigurationIsVisible = 0;
			defaultConfigurationName = Release;
		};
		B5E02A2F14F3EB9200F32742 /* Build configuration list for PBXNativeTarget "MagicalFactoryTests" */ = {
			isa = XCConfigurationList;
			buildConfigurations = (
				B5E02A3014F3EB9200F32742 /* Debug */,
				B5E02A3114F3EB9200F32742 /* Release */,
			);
			defaultConfigurationIsVisible = 0;
			defaultConfigurationName = Release;
		};
/* End XCConfigurationList section */
	};
	rootObject = B5E029FF14F3EB9100F32742 /* Project object */;
}
