// !$*UTF8*$!
{
	archiveVersion = 1;
	classes = {
	};
	objectVersion = 46;
	objects = {

/* Begin PBXBuildFile section */
		B5E02A0C14F3EB9100F32742 /* Foundation.framework in Frameworks */ = {isa = PBXBuildFile; fileRef = B5E02A0B14F3EB9100F32742 /* Foundation.framework */; };
		B5E02A1214F3EB9100F32742 /* Magical_Factory.m in Sources */ = {isa = PBXBuildFile; fileRef = B5E02A1114F3EB9100F32742 /* Magical_Factory.m */; };
		B5E02A1A14F3EB9200F32742 /* SenTestingKit.framework in Frameworks */ = {isa = PBXBuildFile; fileRef = B5E02A1914F3EB9200F32742 /* SenTestingKit.framework */; };
		B5E02A1C14F3EB9200F32742 /* UIKit.framework in Frameworks */ = {isa = PBXBuildFile; fileRef = B5E02A1B14F3EB9200F32742 /* UIKit.framework */; };
		B5E02A1D14F3EB9200F32742 /* Foundation.framework in Frameworks */ = {isa = PBXBuildFile; fileRef = B5E02A0B14F3EB9100F32742 /* Foundation.framework */; };
		B5E02A2014F3EB9200F32742 /* libMagical Factory.a in Frameworks */ = {isa = PBXBuildFile; fileRef = B5E02A0814F3EB9100F32742 /* libMagical Factory.a */; };
		B5E02A2614F3EB9200F32742 /* InfoPlist.strings in Resources */ = {isa = PBXBuildFile; fileRef = B5E02A2414F3EB9200F32742 /* InfoPlist.strings */; };
		B5E02A2914F3EB9200F32742 /* Magical_FactoryTests.m in Sources */ = {isa = PBXBuildFile; fileRef = B5E02A2814F3EB9200F32742 /* Magical_FactoryTests.m */; };
/* End PBXBuildFile section */

/* Begin PBXContainerItemProxy section */
		B5E02A1E14F3EB9200F32742 /* PBXContainerItemProxy */ = {
			isa = PBXContainerItemProxy;
			containerPortal = B5E029FF14F3EB9100F32742 /* Project object */;
			proxyType = 1;
			remoteGlobalIDString = B5E02A0714F3EB9100F32742;
			remoteInfo = "Magical Factory";
		};
/* End PBXContainerItemProxy section */

/* Begin PBXFileReference section */
		B5E02A0814F3EB9100F32742 /* libMagical Factory.a */ = {isa = PBXFileReference; explicitFileType = archive.ar; includeInIndex = 0; path = "libMagical Factory.a"; sourceTree = BUILT_PRODUCTS_DIR; };
		B5E02A0B14F3EB9100F32742 /* Foundation.framework */ = {isa = PBXFileReference; lastKnownFileType = wrapper.framework; name = Foundation.framework; path = System/Library/Frameworks/Foundation.framework; sourceTree = SDKROOT; };
		B5E02A0F14F3EB9100F32742 /* Magical Factory-Prefix.pch */ = {isa = PBXFileReference; path = "Magical Factory-Prefix.pch"; sourceTree = "<group>"; };
		B5E02A1014F3EB9100F32742 /* Magical_Factory.h */ = {isa = PBXFileReference; path = Magical_Factory.h; sourceTree = "<group>"; };
		B5E02A1114F3EB9100F32742 /* Magical_Factory.m */ = {isa = PBXFileReference; lastKnownFileType = sourcecode.c.objc; path = Magical_Factory.m; sourceTree = "<group>"; };
		B5E02A1814F3EB9200F32742 /* Magical FactoryTests.octest */ = {isa = PBXFileReference; explicitFileType = wrapper.cfbundle; includeInIndex = 0; path = "Magical FactoryTests.octest"; sourceTree = BUILT_PRODUCTS_DIR; };
		B5E02A1914F3EB9200F32742 /* SenTestingKit.framework */ = {isa = PBXFileReference; lastKnownFileType = wrapper.framework; name = SenTestingKit.framework; path = Library/Frameworks/SenTestingKit.framework; sourceTree = DEVELOPER_DIR; };
		B5E02A1B14F3EB9200F32742 /* UIKit.framework */ = {isa = PBXFileReference; lastKnownFileType = wrapper.framework; name = UIKit.framework; path = Library/Frameworks/UIKit.framework; sourceTree = DEVELOPER_DIR; };
		B5E02A2314F3EB9200F32742 /* Magical FactoryTests-Info.plist */ = {isa = PBXFileReference; path = "Magical FactoryTests-Info.plist"; sourceTree = "<group>"; };
		B5E02A2514F3EB9200F32742 /* en */ = {isa = PBXFileReference; lastKnownFileType = text.plist.strings; name = en; path = en.lproj/InfoPlist.strings; sourceTree = "<group>"; };
		B5E02A2714F3EB9200F32742 /* Magical_FactoryTests.h */ = {isa = PBXFileReference; path = Magical_FactoryTests.h; sourceTree = "<group>"; };
		B5E02A2814F3EB9200F32742 /* Magical_FactoryTests.m */ = {isa = PBXFileReference; lastKnownFileType = sourcecode.c.objc; path = Magical_FactoryTests.m; sourceTree = "<group>"; };
/* End PBXFileReference section */

/* Begin PBXFrameworksBuildPhase section */
		B5E02A0514F3EB9100F32742 /* Frameworks */ = {
			isa = PBXFrameworksBuildPhase;
			buildActionMask = 2147483647;
			files = (
				B5E02A0C14F3EB9100F32742 /* Foundation.framework in Frameworks */,
			);
			runOnlyForDeploymentPostprocessing = 0;
		};
		B5E02A1414F3EB9200F32742 /* Frameworks */ = {
			isa = PBXFrameworksBuildPhase;
			buildActionMask = 2147483647;
			files = (
				B5E02A1A14F3EB9200F32742 /* SenTestingKit.framework in Frameworks */,
				B5E02A1C14F3EB9200F32742 /* UIKit.framework in Frameworks */,
				B5E02A1D14F3EB9200F32742 /* Foundation.framework in Frameworks */,
				B5E02A2014F3EB9200F32742 /* libMagical Factory.a in Frameworks */,
			);
			runOnlyForDeploymentPostprocessing = 0;
		};
/* End PBXFrameworksBuildPhase section */

/* Begin PBXGroup section */
		B5E029FD14F3EB9100F32742 = {
			isa = PBXGroup;
			children = (
				B5E02A0D14F3EB9100F32742 /* Magical Factory */,
				B5E02A2114F3EB9200F32742 /* Magical FactoryTests */,
				B5E02A0A14F3EB9100F32742 /* Frameworks */,
				B5E02A0914F3EB9100F32742 /* Products */,
			);
			sourceTree = "<group>";
		};
		B5E02A0914F3EB9100F32742 /* Products */ = {
			isa = PBXGroup;
			children = (
				B5E02A0814F3EB9100F32742 /* libMagical Factory.a */,
				B5E02A1814F3EB9200F32742 /* Magical FactoryTests.octest */,
			);
			name = Products;
			sourceTree = "<group>";
		};
		B5E02A0A14F3EB9100F32742 /* Frameworks */ = {
			isa = PBXGroup;
			children = (
				B5E02A0B14F3EB9100F32742 /* Foundation.framework */,
				B5E02A1914F3EB9200F32742 /* SenTestingKit.framework */,
				B5E02A1B14F3EB9200F32742 /* UIKit.framework */,
			);
			name = Frameworks;
			sourceTree = "<group>";
		};
		B5E02A0D14F3EB9100F32742 /* Magical Factory */ = {
			isa = PBXGroup;
			children = (
				B5E02A1014F3EB9100F32742 /* Magical_Factory.h */,
				B5E02A1114F3EB9100F32742 /* Magical_Factory.m */,
				B5E02A0E14F3EB9100F32742 /* Supporting Files */,
			);
			path = "Magical Factory";
			sourceTree = "<group>";
		};
		B5E02A0E14F3EB9100F32742 /* Supporting Files */ = {
			isa = PBXGroup;
			children = (
				B5E02A0F14F3EB9100F32742 /* Magical Factory-Prefix.pch */,
			);
			name = "Supporting Files";
			sourceTree = "<group>";
		};
		B5E02A2114F3EB9200F32742 /* Magical FactoryTests */ = {
			isa = PBXGroup;
			children = (
				B5E02A2714F3EB9200F32742 /* Magical_FactoryTests.h */,
				B5E02A2814F3EB9200F32742 /* Magical_FactoryTests.m */,
				B5E02A2214F3EB9200F32742 /* Supporting Files */,
			);
			path = "Magical FactoryTests";
			sourceTree = "<group>";
		};
		B5E02A2214F3EB9200F32742 /* Supporting Files */ = {
			isa = PBXGroup;
			children = (
				B5E02A2314F3EB9200F32742 /* Magical FactoryTests-Info.plist */,
				B5E02A2414F3EB9200F32742 /* InfoPlist.strings */,
			);
			name = "Supporting Files";
			sourceTree = "<group>";
		};
/* End PBXGroup section */

/* Begin PBXHeadersBuildPhase section */
		B5E02A0614F3EB9100F32742 /* Headers */ = {
			isa = PBXHeadersBuildPhase;
			buildActionMask = 2147483647;
			files = (
			);
			runOnlyForDeploymentPostprocessing = 0;
		};
/* End PBXHeadersBuildPhase section */

/* Begin PBXNativeTarget section */
		B5E02A0714F3EB9100F32742 /* Magical Factory */ = {
			isa = PBXNativeTarget;
			buildConfigurationList = B5E02A2C14F3EB9200F32742 /* Build configuration list for PBXNativeTarget "Magical Factory" */;
			buildPhases = (
				B5E02A0414F3EB9100F32742 /* Sources */,
				B5E02A0514F3EB9100F32742 /* Frameworks */,
				B5E02A0614F3EB9100F32742 /* Headers */,
			);
			buildRules = (
			);
			dependencies = (
			);
			name = "Magical Factory";
			productName = "Magical Factory";
			productReference = B5E02A0814F3EB9100F32742 /* libMagical Factory.a */;
			productType = "com.apple.product-type.library.static";
		};
		B5E02A1714F3EB9200F32742 /* Magical FactoryTests */ = {
			isa = PBXNativeTarget;
			buildConfigurationList = B5E02A2F14F3EB9200F32742 /* Build configuration list for PBXNativeTarget "Magical FactoryTests" */;
			buildPhases = (
				B5E02A1314F3EB9200F32742 /* Sources */,
				B5E02A1414F3EB9200F32742 /* Frameworks */,
				B5E02A1514F3EB9200F32742 /* Resources */,
				B5E02A1614F3EB9200F32742 /* ShellScript */,
			);
			buildRules = (
			);
			dependencies = (
				B5E02A1F14F3EB9200F32742 /* PBXTargetDependency */,
			);
			name = "Magical FactoryTests";
			productName = "Magical FactoryTests";
			productReference = B5E02A1814F3EB9200F32742 /* Magical FactoryTests.octest */;
			productType = "com.apple.product-type.bundle";
		};
/* End PBXNativeTarget section */

/* Begin PBXProject section */
		B5E029FF14F3EB9100F32742 /* Project object */ = {
			isa = PBXProject;
			attributes = {
				LastUpgradeCheck = 0420;
				ORGANIZATIONNAME = ChaiONE;
			};
			buildConfigurationList = B5E02A0214F3EB9100F32742 /* Build configuration list for PBXProject "Magical Factory" */;
			compatibilityVersion = "Xcode 3.2";
			developmentRegion = English;
			hasScannedForEncodings = 0;
			knownRegions = (
				en,
			);
			mainGroup = B5E029FD14F3EB9100F32742;
			productRefGroup = B5E02A0914F3EB9100F32742 /* Products */;
			projectDirPath = "";
			projectRoot = "";
			targets = (
				B5E02A0714F3EB9100F32742 /* Magical Factory */,
				B5E02A1714F3EB9200F32742 /* Magical FactoryTests */,
			);
		};
/* End PBXProject section */

/* Begin PBXResourcesBuildPhase section */
		B5E02A1514F3EB9200F32742 /* Resources */ = {
			isa = PBXResourcesBuildPhase;
			buildActionMask = 2147483647;
			files = (
				B5E02A2614F3EB9200F32742 /* InfoPlist.strings in Resources */,
			);
			runOnlyForDeploymentPostprocessing = 0;
		};
/* End PBXResourcesBuildPhase section */

/* Begin PBXShellScriptBuildPhase section */
		B5E02A1614F3EB9200F32742 /* ShellScript */ = {
			isa = PBXShellScriptBuildPhase;
			buildActionMask = 2147483647;
			files = (
			);
			inputPaths = (
			);
			outputPaths = (
			);
			runOnlyForDeploymentPostprocessing = 0;
			shellPath = /bin/sh;
			shellScript = "# Run the unit tests in this test bundle.\n\"${SYSTEM_DEVELOPER_DIR}/Tools/RunUnitTests\"\n";
		};
/* End PBXShellScriptBuildPhase section */

/* Begin PBXSourcesBuildPhase section */
		B5E02A0414F3EB9100F32742 /* Sources */ = {
			isa = PBXSourcesBuildPhase;
			buildActionMask = 2147483647;
			files = (
				B5E02A1214F3EB9100F32742 /* Magical_Factory.m in Sources */,
			);
			runOnlyForDeploymentPostprocessing = 0;
		};
		B5E02A1314F3EB9200F32742 /* Sources */ = {
			isa = PBXSourcesBuildPhase;
			buildActionMask = 2147483647;
			files = (
				B5E02A2914F3EB9200F32742 /* Magical_FactoryTests.m in Sources */,
			);
			runOnlyForDeploymentPostprocessing = 0;
		};
/* End PBXSourcesBuildPhase section */

/* Begin PBXTargetDependency section */
		B5E02A1F14F3EB9200F32742 /* PBXTargetDependency */ = {
			isa = PBXTargetDependency;
			target = B5E02A0714F3EB9100F32742 /* Magical Factory */;
			targetProxy = B5E02A1E14F3EB9200F32742 /* PBXContainerItemProxy */;
		};
/* End PBXTargetDependency section */

/* Begin PBXVariantGroup section */
		B5E02A2414F3EB9200F32742 /* InfoPlist.strings */ = {
			isa = PBXVariantGroup;
			children = (
				B5E02A2514F3EB9200F32742 /* en */,
			);
			name = InfoPlist.strings;
			sourceTree = "<group>";
		};
/* End PBXVariantGroup section */

/* Begin XCBuildConfiguration section */
		B5E02A2A14F3EB9200F32742 /* Debug */ = {
			isa = XCBuildConfiguration;
			buildSettings = {
				ALWAYS_SEARCH_USER_PATHS = NO;
				ARCHS = "$(ARCHS_STANDARD_32_BIT)";
				COPY_PHASE_STRIP = NO;
				GCC_C_LANGUAGE_STANDARD = gnu99;
				GCC_DYNAMIC_NO_PIC = NO;
				GCC_OPTIMIZATION_LEVEL = 0;
				GCC_PREPROCESSOR_DEFINITIONS = (
					"DEBUG=1",
					"$(inherited)",
				);
				GCC_SYMBOLS_PRIVATE_EXTERN = NO;
				GCC_VERSION = com.apple.compilers.llvm.clang.1_0;
				GCC_WARN_ABOUT_MISSING_PROTOTYPES = YES;
				GCC_WARN_ABOUT_RETURN_TYPE = YES;
				GCC_WARN_UNUSED_VARIABLE = YES;
				IPHONEOS_DEPLOYMENT_TARGET = 5.0;
				SDKROOT = iphoneos;
			};
			name = Debug;
		};
		B5E02A2B14F3EB9200F32742 /* Release */ = {
			isa = XCBuildConfiguration;
			buildSettings = {
				ALWAYS_SEARCH_USER_PATHS = NO;
				ARCHS = "$(ARCHS_STANDARD_32_BIT)";
				COPY_PHASE_STRIP = YES;
				GCC_C_LANGUAGE_STANDARD = gnu99;
				GCC_VERSION = com.apple.compilers.llvm.clang.1_0;
				GCC_WARN_ABOUT_MISSING_PROTOTYPES = YES;
				GCC_WARN_ABOUT_RETURN_TYPE = YES;
				GCC_WARN_UNUSED_VARIABLE = YES;
				IPHONEOS_DEPLOYMENT_TARGET = 5.0;
				SDKROOT = iphoneos;
				VALIDATE_PRODUCT = YES;
			};
			name = Release;
		};
		B5E02A2D14F3EB9200F32742 /* Debug */ = {
			isa = XCBuildConfiguration;
			buildSettings = {
				DSTROOT = /tmp/Magical_Factory.dst;
				GCC_PRECOMPILE_PREFIX_HEADER = YES;
				GCC_PREFIX_HEADER = "Magical Factory/Magical Factory-Prefix.pch";
				OTHER_LDFLAGS = "-ObjC";
				PRODUCT_NAME = "$(TARGET_NAME)";
				SKIP_INSTALL = YES;
			};
			name = Debug;
		};
		B5E02A2E14F3EB9200F32742 /* Release */ = {
			isa = XCBuildConfiguration;
			buildSettings = {
				DSTROOT = /tmp/Magical_Factory.dst;
				GCC_PRECOMPILE_PREFIX_HEADER = YES;
				GCC_PREFIX_HEADER = "Magical Factory/Magical Factory-Prefix.pch";
				OTHER_LDFLAGS = "-ObjC";
				PRODUCT_NAME = "$(TARGET_NAME)";
				SKIP_INSTALL = YES;
			};
			name = Release;
		};
		B5E02A3014F3EB9200F32742 /* Debug */ = {
			isa = XCBuildConfiguration;
			buildSettings = {
				FRAMEWORK_SEARCH_PATHS = (
					"$(SDKROOT)/Developer/Library/Frameworks",
					"$(DEVELOPER_LIBRARY_DIR)/Frameworks",
				);
				GCC_PRECOMPILE_PREFIX_HEADER = YES;
				GCC_PREFIX_HEADER = "Magical Factory/Magical Factory-Prefix.pch";
				INFOPLIST_FILE = "Magical FactoryTests/Magical FactoryTests-Info.plist";
				PRODUCT_NAME = "$(TARGET_NAME)";
				WRAPPER_EXTENSION = octest;
			};
			name = Debug;
		};
		B5E02A3114F3EB9200F32742 /* Release */ = {
			isa = XCBuildConfiguration;
			buildSettings = {
				FRAMEWORK_SEARCH_PATHS = (
					"$(SDKROOT)/Developer/Library/Frameworks",
					"$(DEVELOPER_LIBRARY_DIR)/Frameworks",
				);
				GCC_PRECOMPILE_PREFIX_HEADER = YES;
				GCC_PREFIX_HEADER = "Magical Factory/Magical Factory-Prefix.pch";
				INFOPLIST_FILE = "Magical FactoryTests/Magical FactoryTests-Info.plist";
				PRODUCT_NAME = "$(TARGET_NAME)";
				WRAPPER_EXTENSION = octest;
			};
			name = Release;
		};
/* End XCBuildConfiguration section */

/* Begin XCConfigurationList section */
		B5E02A0214F3EB9100F32742 /* Build configuration list for PBXProject "Magical Factory" */ = {
			isa = XCConfigurationList;
			buildConfigurations = (
				B5E02A2A14F3EB9200F32742 /* Debug */,
				B5E02A2B14F3EB9200F32742 /* Release */,
			);
			defaultConfigurationIsVisible = 0;
			defaultConfigurationName = Release;
		};
		B5E02A2C14F3EB9200F32742 /* Build configuration list for PBXNativeTarget "Magical Factory" */ = {
			isa = XCConfigurationList;
			buildConfigurations = (
				B5E02A2D14F3EB9200F32742 /* Debug */,
				B5E02A2E14F3EB9200F32742 /* Release */,
			);
			defaultConfigurationIsVisible = 0;
		};
		B5E02A2F14F3EB9200F32742 /* Build configuration list for PBXNativeTarget "Magical FactoryTests" */ = {
			isa = XCConfigurationList;
			buildConfigurations = (
				B5E02A3014F3EB9200F32742 /* Debug */,
				B5E02A3114F3EB9200F32742 /* Release */,
			);
			defaultConfigurationIsVisible = 0;
		};
/* End XCConfigurationList section */
	};
	rootObject = B5E029FF14F3EB9100F32742 /* Project object */;
}
